
Microsoft Visual Studio Solution File, Format Version 12.00
# Visual Studio Version 17
VisualStudioVersion = 17.12.35514.174
MinimumVisualStudioVersion = 10.0.40219.1
Project("{FAE04EC0-301F-11D3-BF4B-00C04F79EFBC}") = "LTWe08_Bai01", "LTWe08_Bai01.csproj", "{79767DFD-110C-4272-91C3-02FC5BC477A6}"
EndProject
Project("{FAE04EC0-301F-11D3-BF4B-00C04F79EFBC}") = "LTWeb08_Bai02", "..\LTWeb08_Bai02\LTWeb08_Bai02.csproj", "{AEA1ACC8-D03D-4439-8237-A7B03DB4864D}"
EndProject
Global
	GlobalSection(SolutionConfigurationPlatforms) = preSolution
		Debug|Any CPU = Debug|Any CPU
		Release|Any CPU = Release|Any CPU
	EndGlobalSection
	GlobalSection(ProjectConfigurationPlatforms) = postSolution
		{79767DFD-110C-4272-91C3-02FC5BC477A6}.Debug|Any CPU.ActiveCfg = Debug|Any CPU
		{79767DFD-110C-4272-91C3-02FC5BC477A6}.Debug|Any CPU.Build.0 = Debug|Any CPU
		{79767DFD-110C-4272-91C3-02FC5BC477A6}.Release|Any CPU.ActiveCfg = Release|Any CPU
		{79767DFD-110C-4272-91C3-02FC5BC477A6}.Release|Any CPU.Build.0 = Release|Any CPU
		{AEA1ACC8-D03D-4439-8237-A7B03DB4864D}.Debug|Any CPU.ActiveCfg = Debug|Any CPU
		{AEA1ACC8-D03D-4439-8237-A7B03DB4864D}.Debug|Any CPU.Build.0 = Debug|Any CPU
		{AEA1ACC8-D03D-4439-8237-A7B03DB4864D}.Release|Any CPU.ActiveCfg = Release|Any CPU
		{AEA1ACC8-D03D-4439-8237-A7B03DB4864D}.Release|Any CPU.Build.0 = Release|Any CPU
	EndGlobalSection
	GlobalSection(SolutionProperties) = preSolution
		HideSolutionNode = FALSE
	EndGlobalSection
EndGlobal
